<?xml version="1.0" encoding="utf-8"?>
<Project ToolsVersion="4.0" xmlns="http://schemas.microsoft.com/developer/msbuild/2003">
  <ItemGroup>
    <Filter Include="Assets">
      <UniqueIdentifier>488f229f-436e-4857-b63f-5dab99b8ca2c</UniqueIdentifier>
      <Extensions>bmp;fbx;gif;jpg;jpeg;tga;tiff;tif;png</Extensions>
    </Filter>
    <Image Include="Assets\SplashScreen.scale-400.png">
      <Filter>Assets</Filter>
    </Image>
    <Image Include="Assets\SplashScreen.scale-200.png">
      <Filter>Assets</Filter>
    </Image>
    <Image Include="Assets\Square150x150Logo.scale-200.png">
      <Filter>Assets</Filter>
    </Image>
    <Image Include="Assets\Square310x310Logo.scale-100.png">
      <Filter>Assets</Filter>
    </Image>
    <Image Include="Assets\Wide310x150Logo.scale-200.png">
      <Filter>Assets</Filter>
    </Image>
    <Filter Include="sources">
      <UniqueIdentifier>{91b24a58-fe37-456c-934f-8b77f40c7e5b}</UniqueIdentifier>
    </Filter>
    <Filter Include="rawgl">
      <UniqueIdentifier>{7ee381ce-0165-4bf7-acfc-6e9d4cf3b2ec}</UniqueIdentifier>
    </Filter>
    <Filter Include="data">
      <UniqueIdentifier>{ed2761dd-9801-4c6a-a290-769642c42235}</UniqueIdentifier>
    </Filter>
  </ItemGroup>
  <ItemGroup>
    <AppxManifest Include="Package.appxmanifest" />
  </ItemGroup>
  <ItemGroup>
    <ClCompile Include="sources\SDL_winrt_main_NonXAML.cpp">
      <Filter>sources</Filter>
    </ClCompile>
    <ClCompile Include="..\aifcplayer.cpp">
      <Filter>rawgl</Filter>
    </ClCompile>
    <ClCompile Include="..\bitmap.cpp">
      <Filter>rawgl</Filter>
    </ClCompile>
    <ClCompile Include="..\engine.cpp">
      <Filter>rawgl</Filter>
    </ClCompile>
    <ClCompile Include="..\file.cpp">
      <Filter>rawgl</Filter>
    </ClCompile>
    <ClCompile Include="..\graphics_gl.cpp">
      <Filter>rawgl</Filter>
    </ClCompile>
    <ClCompile Include="..\graphics_soft.cpp">
      <Filter>rawgl</Filter>
    </ClCompile>
    <ClCompile Include="..\main.cpp">
      <Filter>rawgl</Filter>
    </ClCompile>
    <ClCompile Include="..\mixer.cpp">
      <Filter>rawgl</Filter>
    </ClCompile>
    <ClCompile Include="..\pak.cpp">
      <Filter>rawgl</Filter>
    </ClCompile>
    <ClCompile Include="..\resource.cpp">
      <Filter>rawgl</Filter>
    </ClCompile>
    <ClCompile Include="..\resource_3do.cpp">
      <Filter>rawgl</Filter>
    </ClCompile>
    <ClCompile Include="..\resource_nth.cpp">
      <Filter>rawgl</Filter>
    </ClCompile>
    <ClCompile Include="..\resource_win31.cpp">
      <Filter>rawgl</Filter>
    </ClCompile>
    <ClCompile Include="..\scaler.cpp">
      <Filter>rawgl</Filter>
    </ClCompile>
    <ClCompile Include="..\screenshot.cpp">
      <Filter>rawgl</Filter>
    </ClCompile>
    <ClCompile Include="..\script.cpp">
      <Filter>rawgl</Filter>
    </ClCompile>
    <ClCompile Include="..\sfxplayer.cpp">
      <Filter>rawgl</Filter>
    </ClCompile>
    <ClCompile Include="..\staticres.cpp">
      <Filter>rawgl</Filter>
    </ClCompile>
    <ClCompile Include="..\systemstub_sdl.cpp">
      <Filter>rawgl</Filter>
    </ClCompile>
    <ClCompile Include="..\unpack.cpp">
      <Filter>rawgl</Filter>
    </ClCompile>
    <ClCompile Include="..\util.cpp">
      <Filter>rawgl</Filter>
    </ClCompile>
    <ClCompile Include="..\video.cpp">
      <Filter>rawgl</Filter>
    </ClCompile>
  </ItemGroup>
  <ItemGroup>
    <Image Include="Assets\Square44x44Logo.scale-200.png">
      <Filter>Assets</Filter>
    </Image>
    <Image Include="Assets\Square71x71Logo.scale-200.png">
      <Filter>Assets</Filter>
    </Image>
    <Image Include="Assets\StoreLogo.scale-200.png">
      <Filter>Assets</Filter>
    </Image>
  </ItemGroup>
  <ItemGroup>
    <Media Include="data\.keep">
      <Filter>data</Filter>
    </Media>
  </ItemGroup>
  <ItemGroup>
    <ClInclude Include="..\aifcplayer.h">
      <Filter>rawgl</Filter>
    </ClInclude>
    <ClInclude Include="..\bitmap.h">
      <Filter>rawgl</Filter>
    </ClInclude>
    <ClInclude Include="..\engine.h">
      <Filter>rawgl</Filter>
    </ClInclude>
    <ClInclude Include="..\file.h">
      <Filter>rawgl</Filter>
    </ClInclude>
    <ClInclude Include="..\graphics.h">
      <Filter>rawgl</Filter>
    </ClInclude>
    <ClInclude Include="..\intern.h">
      <Filter>rawgl</Filter>
    </ClInclude>
    <ClInclude Include="..\mixer.h">
      <Filter>rawgl</Filter>
    </ClInclude>
    <ClInclude Include="..\pak.h">
      <Filter>rawgl</Filter>
    </ClInclude>
    <ClInclude Include="..\resource.h">
      <Filter>rawgl</Filter>
    </ClInclude>
    <ClInclude Include="..\resource_3do.h">
      <Filter>rawgl</Filter>
    </ClInclude>
    <ClInclude Include="..\resource_nth.h">
      <Filter>rawgl</Filter>
    </ClInclude>
    <ClInclude Include="..\resource_win31.h">
      <Filter>rawgl</Filter>
    </ClInclude>
    <ClInclude Include="..\scaler.h">
      <Filter>rawgl</Filter>
    </ClInclude>
    <ClInclude Include="..\screenshot.h">
      <Filter>rawgl</Filter>
    </ClInclude>
    <ClInclude Include="..\script.h">
      <Filter>rawgl</Filter>
    </ClInclude>
    <ClInclude Include="..\sfxplayer.h">
      <Filter>rawgl</Filter>
    </ClInclude>
    <ClInclude Include="..\systemstub.h">
      <Filter>rawgl</Filter>
    </ClInclude>
    <ClInclude Include="..\unpack.h">
      <Filter>rawgl</Filter>
    </ClInclude>
    <ClInclude Include="..\util.h">
      <Filter>rawgl</Filter>
    </ClInclude>
    <ClInclude Include="..\video.h">
      <Filter>rawgl</Filter>
    </ClInclude>
  </ItemGroup>
  <ItemGroup>
    <None Include="packages.config" />
  </ItemGroup>
</Project>